
Microsoft Visual Studio Solution File, Format Version 12.00
# Visual Studio Version 17
VisualStudioVersion = 17.12.35527.113
MinimumVisualStudioVersion = 10.0.40219.1
Project("{FAE04EC0-301F-11D3-BF4B-00C04F79EFBC}") = "epi-camera-visca.4Series", "src\epi-camera-visca.4Series.csproj", "{987A9DB2-0D30-4D05-963E-E8113D0B081B}"
EndProject
Project("{2150E333-8FDC-42A3-9474-1A3956D46DE8}") = "tests", "tests", "{0AB3BF05-4346-4AA6-1389-037BE0695223}"
EndProject
Project("{FAE04EC0-301F-11D3-BF4B-00C04F79EFBC}") = "epi-camera-visca.Tests", "tests\epi-camera-visca.Tests.csproj", "{E3931846-1436-428D-9E24-857CF9F05B02}"
EndProject
Global
	GlobalSection(SolutionConfigurationPlatforms) = preSolution
		Debug|Any CPU = Debug|Any CPU
		Debug|x64 = Debug|x64
		Debug|x86 = Debug|x86
		Release|Any CPU = Release|Any CPU
		Release|x64 = Release|x64
		Release|x86 = Release|x86
	EndGlobalSection
	GlobalSection(ProjectConfigurationPlatforms) = postSolution
		{987A9DB2-0D30-4D05-963E-E8113D0B081B}.Debug|Any CPU.ActiveCfg = Debug|Any CPU
		{987A9DB2-0D30-4D05-963E-E8113D0B081B}.Debug|Any CPU.Build.0 = Debug|Any CPU
		{987A9DB2-0D30-4D05-963E-E8113D0B081B}.Debug|x64.ActiveCfg = Debug|Any CPU
		{987A9DB2-0D30-4D05-963E-E8113D0B081B}.Debug|x64.Build.0 = Debug|Any CPU
		{987A9DB2-0D30-4D05-963E-E8113D0B081B}.Debug|x86.ActiveCfg = Debug|Any CPU
		{987A9DB2-0D30-4D05-963E-E8113D0B081B}.Debug|x86.Build.0 = Debug|Any CPU
		{987A9DB2-0D30-4D05-963E-E8113D0B081B}.Release|Any CPU.ActiveCfg = Release|Any CPU
		{987A9DB2-0D30-4D05-963E-E8113D0B081B}.Release|Any CPU.Build.0 = Release|Any CPU
		{987A9DB2-0D30-4D05-963E-E8113D0B081B}.Release|x64.ActiveCfg = Release|Any CPU
		{987A9DB2-0D30-4D05-963E-E8113D0B081B}.Release|x64.Build.0 = Release|Any CPU
		{987A9DB2-0D30-4D05-963E-E8113D0B081B}.Release|x86.ActiveCfg = Release|Any CPU
		{987A9DB2-0D30-4D05-963E-E8113D0B081B}.Release|x86.Build.0 = Release|Any CPU
		{E3931846-1436-428D-9E24-857CF9F05B02}.Debug|Any CPU.ActiveCfg = Debug|Any CPU
		{E3931846-1436-428D-9E24-857CF9F05B02}.Debug|Any CPU.Build.0 = Debug|Any CPU
		{E3931846-1436-428D-9E24-857CF9F05B02}.Debug|x64.ActiveCfg = Debug|Any CPU
		{E3931846-1436-428D-9E24-857CF9F05B02}.Debug|x64.Build.0 = Debug|Any CPU
		{E3931846-1436-428D-9E24-857CF9F05B02}.Debug|x86.ActiveCfg = Debug|Any CPU
		{E3931846-1436-428D-9E24-857CF9F05B02}.Debug|x86.Build.0 = Debug|Any CPU
		{E3931846-1436-428D-9E24-857CF9F05B02}.Release|Any CPU.ActiveCfg = Release|Any CPU
		{E3931846-1436-428D-9E24-857CF9F05B02}.Release|Any CPU.Build.0 = Release|Any CPU
		{E3931846-1436-428D-9E24-857CF9F05B02}.Release|x64.ActiveCfg = Release|Any CPU
		{E3931846-1436-428D-9E24-857CF9F05B02}.Release|x64.Build.0 = Release|Any CPU
		{E3931846-1436-428D-9E24-857CF9F05B02}.Release|x86.ActiveCfg = Release|Any CPU
		{E3931846-1436-428D-9E24-857CF9F05B02}.Release|x86.Build.0 = Release|Any CPU
	EndGlobalSection
	GlobalSection(SolutionProperties) = preSolution
		HideSolutionNode = FALSE
	EndGlobalSection
	GlobalSection(NestedProjects) = preSolution
		{E3931846-1436-428D-9E24-857CF9F05B02} = {0AB3BF05-4346-4AA6-1389-037BE0695223}
	EndGlobalSection
EndGlobal
